{
  "pins" : [
    {
      "identity" : "swiftopenai",
      "kind" : "remoteSourceControl",
      "location" : "https://github.com/SwiftBeta/SwiftOpenAI",
      "state" : {
        "branch" : "main",
        "revision" : "b316788cf0e6584cc730d8231112dd2c76458713"
      }
    }
  ],
  "version" : 2
}
